// !$*UTF8*$!
{
	archiveVersion = 1;
	classes = {
	};
	objectVersion = 46;
	objects = {
		D7BA7D76DAB5DD13389D6332 = {
			buildActionMask = 2147483647;
			files = (
				);
			generatedFileNames = (
				);
			isa = PBXShellScriptBuildPhase;
			name = "Qt Qmake";
			neededFileNames = (
				);
			shellPath = "/bin/sh";
			shellScript = "make\ -C\ /Users/indra/Documents/workspace_indigo/c++_project/ERecruitmentApp\ -f\ \'ERecruitmentApp.xcodeproj/qt_makeqmake.mak\'";
		};
		DC537DCA9EEE199B9700F674 = {
			isa = PBXFileReference;
			name = "ERecruitmentView.cpp";
			path = "src/ERecruitmentView.cpp";
			refType = 4;
			sourceTree = "SOURCE_ROOT";
			lastKnownFileType = "sourcecode.cpp.cpp";
		};
		89DDF6A40C37FBD0CC849110 = {
			fileRef = "DC537DCA9EEE199B9700F674";
			isa = PBXBuildFile;
			settings = {
				ATTRIBUTES = (
					);
			};
		};
		2E8611D5DA1F28F1FCCB8E67 = {
			isa = PBXFileReference;
			name = "ERecruitmentApp.cpp";
			path = "src/ERecruitmentApp.cpp";
			refType = 4;
			sourceTree = "SOURCE_ROOT";
			lastKnownFileType = "sourcecode.cpp.cpp";
		};
		2FBB7B658BE618EA83666E47 = {
			fileRef = "2E8611D5DA1F28F1FCCB8E67";
			isa = PBXBuildFile;
			settings = {
				ATTRIBUTES = (
					);
			};
		};
		76B2A8DDD1C62FD903D1734E = {
			isa = PBXFileReference;
			name = "moc_ERecruitmentView.cpp";
			path = "moc_ERecruitmentView.cpp";
			refType = 4;
			sourceTree = "SOURCE_ROOT";
			lastKnownFileType = "sourcecode.cpp.cpp";
		};
		13194C67132E6CDC21309AB5 = {
			fileRef = "76B2A8DDD1C62FD903D1734E";
			isa = PBXBuildFile;
			settings = {
				ATTRIBUTES = (
					);
			};
		};
		610A212DD93AAC16B80CE0F3 = {
			isa = PBXFileReference;
			name = "ERecruitmentView.h";
			path = "src/ERecruitmentView.h";
			refType = 4;
			sourceTree = "SOURCE_ROOT";
		};
		05D3368EB2042295C1817342 = {
			isa = PBXFileReference;
			name = "ERecruitmentApp.pro";
			path = "ERecruitmentApp.pro";
			refType = 4;
			sourceTree = "SOURCE_ROOT";
		};
		883D7615C4D2DE3FA1218F12 = {
			isa = PBXGroup;
			children = (
				"F4AF6147B42623F6B3284738");
			name = "Headers";
			refType = 4;
			sourceTree = "<Group>";
		};
		F4AF6147B42623F6B3284738 = {
			isa = PBXGroup;
			children = (
				"610A212DD93AAC16B80CE0F3");
			name = "src";
			refType = 4;
			sourceTree = "<Group>";
		};
		06674E1DE8D3EB6E763DFFDA = {
			isa = PBXGroup;
			children = (
				"DC537DCA9EEE199B9700F674",
				"2E8611D5DA1F28F1FCCB8E67");
			name = "src";
			refType = 4;
			sourceTree = "<Group>";
		};
		FB61758D0F0FDA4BA867C3D5 = {
			isa = PBXGroup;
			children = (
				"06674E1DE8D3EB6E763DFFDA");
			name = "Sources";
			refType = 4;
			sourceTree = "<Group>";
		};
		7CABE3C80E79AD2B307756D2 = {
			isa = PBXGroup;
			children = (
				"05D3368EB2042295C1817342");
			name = "Sources [qmake]";
			refType = 4;
			sourceTree = "<Group>";
		};
		46E892BBB6BB6952967E0561 = {
			isa = PBXGroup;
			children = (
				"76B2A8DDD1C62FD903D1734E");
			name = "Temporary Sources";
			refType = 4;
			sourceTree = "<Group>";
		};
		A0A52A2ADF7A1E2A99738674 = {
			buildActionMask = 2147483647;
			files = (
				);
			generatedFileNames = (
				"89DDF6A40C37FBD0CC849110",
				"2FBB7B658BE618EA83666E47",
				"13194C67132E6CDC21309AB5");
			isa = PBXShellScriptBuildPhase;
			name = "Qt Preprocessors";
			neededFileNames = (
				"89DDF6A40C37FBD0CC849110",
				"2FBB7B658BE618EA83666E47",
				"13194C67132E6CDC21309AB5");
			shellPath = "/bin/sh";
			shellScript = "make\ -C\ /Users/indra/Documents/workspace_indigo/c++_project/ERecruitmentApp\ -f\ \'ERecruitmentApp.xcodeproj/qt_preprocess.mak\'";
		};
		C29B8785722055ED95EF7B57 = {
			buildActionMask = 2147483647;
			files = (
				"89DDF6A40C37FBD0CC849110",
				"2FBB7B658BE618EA83666E47",
				"13194C67132E6CDC21309AB5");
			isa = PBXSourcesBuildPhase;
			name = "Build Sources";
		};
		83B37B4E4A3A5F3B7235A107 = {
			isa = PBXFileReference;
			name = "Evimed-connect-cpp";
			path = "../../../projects/development/github/Evimed-connect-cpp/Debug/libEvimed-connect-cpp.a";
			refType = 4;
			sourceTree = "SOURCE_ROOT";
		};
		ACED54D9BD9C1A6DEB747321 = {
			fileRef = "83B37B4E4A3A5F3B7235A107";
			isa = PBXBuildFile;
			settings = {
			};
		};
		E7E2FF2E5A8F1012DF001E35 = {
			isa = PBXFrameworkReference;
			name = "QtWebKit.framework";
			path = "/Library/Frameworks/QtWebKit.framework";
			refType = 0;
			sourceTree = "<absolute>";
		};
		B198A42F9C7E6191234418CA = {
			fileRef = "E7E2FF2E5A8F1012DF001E35";
			isa = PBXBuildFile;
			settings = {
			};
		};
		8EE92F8FA333C9E415C5B34E = {
			isa = PBXFrameworkReference;
			name = "QtXml.framework";
			path = "/Library/Frameworks/QtXml.framework";
			refType = 0;
			sourceTree = "<absolute>";
		};
		C2643FEB592DBFD1429BE4E1 = {
			fileRef = "8EE92F8FA333C9E415C5B34E";
			isa = PBXBuildFile;
			settings = {
			};
		};
		7BC2E65A5E699A5E5D834CA2 = {
			isa = PBXFrameworkReference;
			name = "QtCore.framework";
			path = "/Library/Frameworks/QtCore.framework";
			refType = 0;
			sourceTree = "<absolute>";
		};
		069D05B0128AE5DC7EE31738 = {
			fileRef = "7BC2E65A5E699A5E5D834CA2";
			isa = PBXBuildFile;
			settings = {
			};
		};
		9B36DA7E32F0304E780E7972 = {
			isa = PBXFrameworkReference;
			name = "QtGui.framework";
			path = "/Library/Frameworks/QtGui.framework";
			refType = 0;
			sourceTree = "<absolute>";
		};
		501667F26B3C1FF6767A7C12 = {
			fileRef = "9B36DA7E32F0304E780E7972";
			isa = PBXBuildFile;
			settings = {
			};
		};
		B6B9970B86A6C219B0869FE9 = {
			isa = PBXFrameworkReference;
			name = "QtNetwork.framework";
			path = "/Library/Frameworks/QtNetwork.framework";
			refType = 0;
			sourceTree = "<absolute>";
		};
		3826A0833FCB54E86728C6EF = {
			fileRef = "B6B9970B86A6C219B0869FE9";
			isa = PBXBuildFile;
			settings = {
			};
		};
		ED1E82605DD74B483AF3C982 = {
			children = (
				"83B37B4E4A3A5F3B7235A107",
				"E7E2FF2E5A8F1012DF001E35",
				"8EE92F8FA333C9E415C5B34E",
				"7BC2E65A5E699A5E5D834CA2",
				"9B36DA7E32F0304E780E7972",
				"B6B9970B86A6C219B0869FE9");
			isa = PBXGroup;
			name = "External Frameworks and Libraries";
			path = "";
			refType = 4;
			sourceTree = "<Group>";
		};
		2A1043669E6E5A7426EA502A = {
			buildActionMask = 2147483647;
			files = (
				"ACED54D9BD9C1A6DEB747321",
				"B198A42F9C7E6191234418CA",
				"C2643FEB592DBFD1429BE4E1",
				"069D05B0128AE5DC7EE31738",
				"501667F26B3C1FF6767A7C12",
				"3826A0833FCB54E86728C6EF");
			isa = PBXFrameworksBuildPhase;
			name = "Frameworks & Libraries";
		};
		3787F99312C85FF0073FD7BA = {
			buildActionMask = 2147483647;
			files = (
			);
			isa = PBXResourcesBuildPhase;
			name = "Bundle Resources";
		};
		05596AB53D8D521C69802C27 = {
			children = (
				"FB61758D0F0FDA4BA867C3D5",
				"46E892BBB6BB6952967E0561",
				"883D7615C4D2DE3FA1218F12",
				"7CABE3C80E79AD2B307756D2",
				"ED1E82605DD74B483AF3C982");
			isa = PBXGroup;
			name = "ERecruitmentApp";
			path = "";
			refType = 4;
			sourceTree = "<Group>";
		};
		61F38B797457A54B4890B977 = {
			isa = PBXFileReference;
			explicitFileType = "wrapper.application";
			path = "ERecruitmentApp.app";
			refType = 3;
			sourceTree = BUILT_PRODUCTS_DIR;
		};
		068F80C7519D0528FB08E821 = {
			children = (
				"61F38B797457A54B4890B977");
			isa = PBXGroup;
			name = "Products";
			refType = 4;
		};
		92F54EF6D05F57AD198F1754 = {
			buildPhases = (
				"D7BA7D76DAB5DD13389D6332",
				"A0A52A2ADF7A1E2A99738674",
				"C29B8785722055ED95EF7B57",
				"2A1043669E6E5A7426EA502A",
				"3787F99312C85FF0073FD7BA");
			buildSettings = {
				CC = "/usr/bin/gcc";
				CPLUSPLUS = "/usr/bin/g++";
				LEXFLAGS = "";
				YACCFLAGS = "-d";
				OTHER_REZFLAGS = "";
				SECTORDER_FLAGS = "";
				WARNING_CFLAGS = "";
				PREBINDING = NO;
				INFOPLIST_FILE = "Info.plist";
				BUILD_ROOT = "/Users/indra/Documents/workspace_indigo/c++_project/ERecruitmentApp";
				OTHER_LDFLAGS = (
						"-headerpad_max_install_names",
						"-L/Library/Frameworks",
						"-F/Library/Frameworks",
						"-L/Users/indra/Documents/projects/development/github/Evimed-connect-cpp/Debug",
						"-lcurl",
						"-lQtUiTools_debug");
				DYLIB_CURRENT_VERSION = "1.0.0";
				DYLIB_COMPATIBILITY_VERSION = "1.0";
				MACOSX_DEPLOYMENT_TARGET = "10.4";
				PRODUCT_NAME = "ERecruitmentApp";
			};
			conditionalBuildSettings = {
			};
			dependencies = (
				);
			productReference = "61F38B797457A54B4890B977";
			shouldUseHeadermap = 1;
			buildConfigurationList = 17B3380A4D6A7D415E7F2E1E;
			isa = PBXNativeTarget;
			productType = "com.apple.product-type.application";
			productSettingsXML = "<?xml version=\"1.0\" encoding=\"UTF-8\"?>
<!DOCTYPE plist SYSTEM \"file://localhost/System/Library/DTDs/PropertyList.dtd\">
<plist version=\"0.9\">
<dict>
	<key>NSPrincipalClass</key>
	<string>NSApplication</string>
	<key>CFBundleIconFile</key>
	<string></string>
	<key>CFBundlePackageType</key>
	<string>APPL</string>
 	<key>CFBundleGetInfoString</key>
	<string>Created by Qt/QMake</string>
	<key>CFBundleSignature</key>
	<string>????</string>
	<key>CFBundleExecutable</key>
	<string>ERecruitmentApp</string>
	<key>CFBundleIdentifier</key>
	<string>com.yourcompany.ERecruitmentApp</string>
	<key>NOTE</key>
	<string>This file was generated by Qt/QMake.</string>
</dict>
</plist>
";
			name = "ERecruitmentApp";
			productName = "ERecruitmentApp";
			startupPath = "<<ProjectDirectory>>";
		};
		4B72B24813252891014BCF61 = {
			isa = XCBuildConfiguration;
			buildSettings = {
				COPY_PHASE_STRIP = "NO";
				GCC_GENERATE_DEBUGGING_SYMBOLS = "YES";
				GCC_OPTIMIZATION_LEVEL = "0";
				PRODUCT_NAME = "ERecruitmentApp";
				HEADER_SEARCH_PATHS = (
					"/usr/include/QtUiTools",
					"/Library/Frameworks/QtCore.framework/Versions/4/Headers",
					"/usr/include/QtCore",
					"/Library/Frameworks/QtNetwork.framework/Versions/4/Headers",
					"/usr/include/QtNetwork",
					"/Library/Frameworks/QtGui.framework/Versions/4/Headers",
					"/usr/include/QtGui",
					"/Library/Frameworks/QtXml.framework/Versions/4/Headers",
					"/usr/include/QtXml",
					"/Library/Frameworks/QtWebKit.framework/Versions/4/Headers",
					"/usr/include/QtWebKit",
					"/usr/include",
					".",
					"src",
					"../../../projects/development/github/Evimed-connect-cpp/src",
					"/usr/lib",
					".",
					"/usr/local/include",
					"/System/Library/Frameworks/CarbonCore.framework/Headers",
					"/usr/local/Qt4.8/mkspecs/macx-xcode");
				LIBRARY_SEARCH_PATHS = (
					"/Library/Frameworks",
					"/Users/indra/Documents/projects/development/github/Evimed-connect-cpp/Debug");
				FRAMEWORK_SEARCH_PATHS = (
					"/Library/Frameworks",
					"/Library/Frameworks");
				INFOPLIST_FILE = "Info.plist";
				OTHER_CFLAGS = (
					"-pipe",
					"-g",
					"-Wall",
					"-W",
					"-DQT_WEBKIT_LIB",
					"-DQT_XML_LIB",
					"-DQT_GUI_LIB",
					"-DQT_NETWORK_LIB",
					"-DQT_CORE_LIB",
					"-DQT_SHARED");
				OTHER_CPLUSPLUSFLAGS = (
					"-pipe",
					"-g",
					"-Wall",
					"-W",
					"-DQT_WEBKIT_LIB",
					"-DQT_XML_LIB",
					"-DQT_GUI_LIB",
					"-DQT_NETWORK_LIB",
					"-DQT_CORE_LIB",
					"-DQT_SHARED");
				OTHER_LDFLAGS = (
						"-headerpad_max_install_names",
						"-L/Library/Frameworks",
						"-F/Library/Frameworks",
						"-L/Users/indra/Documents/projects/development/github/Evimed-connect-cpp/Debug",
						"-lcurl",
						"-lQtUiTools_debug");
				ARCHS = "x86_64";
			};
			name = "Debug";
		};
		BEC09A62E69C3553534FF35E = {
			isa = XCBuildConfiguration;
			buildSettings = {
				COPY_PHASE_STRIP = "NO";
				GCC_GENERATE_DEBUGGING_SYMBOLS = "YES";
				GCC_OPTIMIZATION_LEVEL = "0";
				PRODUCT_NAME = "ERecruitmentApp";
				PRODUCT_NAME = "ERecruitmentApp";
			};
			name = "Debug";
		};
		2C641C3335766025DD51B7BD = {
			buildRules = (
				);
			buildSettings = {
				COPY_PHASE_STRIP = "NO";
				GCC_GENERATE_DEBUGGING_SYMBOLS = "YES";
				GCC_OPTIMIZATION_LEVEL = "0";
				PRODUCT_NAME = "ERecruitmentApp";
			};
			isa = "PBXBuildStyle";
			name = "Debug";
		};
		D70590BEB531B51029F711BB = {
			isa = XCBuildConfiguration;
			buildSettings = {
				COPY_PHASE_STRIP = "YES";
				GCC_GENERATE_DEBUGGING_SYMBOLS = "NO";
				PRODUCT_NAME = "ERecruitmentApp";
				HEADER_SEARCH_PATHS = (
					"/usr/include/QtUiTools",
					"/Library/Frameworks/QtCore.framework/Versions/4/Headers",
					"/usr/include/QtCore",
					"/Library/Frameworks/QtNetwork.framework/Versions/4/Headers",
					"/usr/include/QtNetwork",
					"/Library/Frameworks/QtGui.framework/Versions/4/Headers",
					"/usr/include/QtGui",
					"/Library/Frameworks/QtXml.framework/Versions/4/Headers",
					"/usr/include/QtXml",
					"/Library/Frameworks/QtWebKit.framework/Versions/4/Headers",
					"/usr/include/QtWebKit",
					"/usr/include",
					".",
					"src",
					"../../../projects/development/github/Evimed-connect-cpp/src",
					"/usr/lib",
					".",
					"/usr/local/include",
					"/System/Library/Frameworks/CarbonCore.framework/Headers",
					"/usr/local/Qt4.8/mkspecs/macx-xcode");
				LIBRARY_SEARCH_PATHS = (
					"/Library/Frameworks",
					"/Users/indra/Documents/projects/development/github/Evimed-connect-cpp/Debug");
				FRAMEWORK_SEARCH_PATHS = (
					"/Library/Frameworks",
					"/Library/Frameworks");
				INFOPLIST_FILE = "Info.plist";
				OTHER_CFLAGS = (
					"-pipe",
					"-g",
					"-Wall",
					"-W",
					"-DQT_WEBKIT_LIB",
					"-DQT_XML_LIB",
					"-DQT_GUI_LIB",
					"-DQT_NETWORK_LIB",
					"-DQT_CORE_LIB",
					"-DQT_SHARED");
				OTHER_CPLUSPLUSFLAGS = (
					"-pipe",
					"-g",
					"-Wall",
					"-W",
					"-DQT_WEBKIT_LIB",
					"-DQT_XML_LIB",
					"-DQT_GUI_LIB",
					"-DQT_NETWORK_LIB",
					"-DQT_CORE_LIB",
					"-DQT_SHARED");
				OTHER_LDFLAGS = (
						"-headerpad_max_install_names",
						"-L/Library/Frameworks",
						"-F/Library/Frameworks",
						"-L/Users/indra/Documents/projects/development/github/Evimed-connect-cpp/Debug",
						"-lcurl",
						"-lQtUiTools_debug");
				ARCHS = "x86_64";
			};
			name = "Release";
		};
		8C7174830A1E4DCBA0332EC1 = {
			isa = XCBuildConfiguration;
			buildSettings = {
				COPY_PHASE_STRIP = "YES";
				GCC_GENERATE_DEBUGGING_SYMBOLS = "NO";
				PRODUCT_NAME = "ERecruitmentApp";
				PRODUCT_NAME = "ERecruitmentApp";
			};
			name = "Release";
		};
		26DE8D2AEA4B3714B41E931F = {
			buildRules = (
				);
			buildSettings = {
				COPY_PHASE_STRIP = "YES";
				GCC_GENERATE_DEBUGGING_SYMBOLS = "NO";
				PRODUCT_NAME = "ERecruitmentApp";
			};
			isa = "PBXBuildStyle";
			name = "Release";
		};
		CC82A9286117DFED018F418F = {
			isa = XCConfigurationList;
			buildConfigurations = (
				"4B72B24813252891014BCF61",
				"D70590BEB531B51029F711BB");
			defaultConfigurationIsVisible = 0;
			defaultConfigurationIsName = "Debug";
		};
		17B3380A4D6A7D415E7F2E1E = {
			isa = XCConfigurationList;
			buildConfigurations = (
				"BEC09A62E69C3553534FF35E",
				"8C7174830A1E4DCBA0332EC1");
			defaultConfigurationIsVisible = 0;
			defaultConfigurationIsName = "Debug";
		};
		91B15E841AA80083484172DE = {
			buildStyles = (
				"2C641C3335766025DD51B7BD",
				"26DE8D2AEA4B3714B41E931F");
			hasScannedForEncodings = 1;
			isa = PBXProject;
			mainGroup = "05596AB53D8D521C69802C27";
			buildConfigurationList = "CC82A9286117DFED018F418F";
			projectDirPath = "";
			targets = (
				"92F54EF6D05F57AD198F1754");
		};
	};
	rootObject = "91B15E841AA80083484172DE";
}
